
Microsoft Visual Studio Solution File, Format Version 12.00
# Visual Studio Version 17
VisualStudioVersion = 17.14.36429.23 d17.14
MinimumVisualStudioVersion = 10.0.40219.1
Project("{FAE04EC0-301F-11D3-BF4B-00C04F79EFBC}") = "converter", "converter\converter.csproj", "{97739BA5-8D51-4D3C-AA35-2906F32320CD}"
EndProject
Global
	GlobalSection(SolutionConfigurationPlatforms) = preSolution
		Debug|Any CPU = Debug|Any CPU
		Release|Any CPU = Release|Any CPU
	EndGlobalSection
	GlobalSection(ProjectConfigurationPlatforms) = postSolution
		{97739BA5-8D51-4D3C-AA35-2906F32320CD}.Debug|Any CPU.ActiveCfg = Debug|Any CPU
		{97739BA5-8D51-4D3C-AA35-2906F32320CD}.Debug|Any CPU.Build.0 = Debug|Any CPU
		{97739BA5-8D51-4D3C-AA35-2906F32320CD}.Release|Any CPU.ActiveCfg = Release|Any CPU
		{97739BA5-8D51-4D3C-AA35-2906F32320CD}.Release|Any CPU.Build.0 = Release|Any CPU
	EndGlobalSection
	GlobalSection(SolutionProperties) = preSolution
		HideSolutionNode = FALSE
	EndGlobalSection
	GlobalSection(ExtensibilityGlobals) = postSolution
		SolutionGuid = {4B74C009-8700-4760-AA5B-CB497CE6F282}
	EndGlobalSection
EndGlobal
